{
  "name": "luigi",
  "version": "1.0.0",
  "lockfileVersion": 1,
  "requires": true,
  "dependencies": {
    "abcjs": {
      "version": "5.2.0",
      "resolved": "https://registry.npmjs.org/abcjs/-/abcjs-5.2.0.tgz",
      "integrity": "sha512-VBTgtp2esnv6RR2N6Nsa+V7VE07H/TLtUju+Orh6anud5KDfUE6eEM8OWt2oKMwKR2zsrY8Y5KyH541uyV2DEw==",
      "requires": {
        "midi": "git+https://github.com/paulrosen/MIDI.js.git#e593ffef81a0350f99448e3ab8111957145ff6b2"
      }
    },
    "adler32cs": {
      "version": "github:chick307/adler32cs.js#7fd00ffa24bf173a1eeb987ce7a21ae214eff658",
      "from": "github:chick307/adler32cs.js"
    },
    "cf-blob.js": {
      "version": "0.0.1",
      "resolved": "https://registry.npmjs.org/cf-blob.js/-/cf-blob.js-0.0.1.tgz",
      "integrity": "sha1-9at+EueYyvCMz4KMaaug8GPYP5k="
    },
    "filesaver.js": {
      "version": "github:andyinabox/FileSaver.js#973b433b8fbaee9a11d53b9ae423b046742cfe32",
      "from": "github:andyinabox/FileSaver.js"
    },
    "jspdf-yworks": {
      "version": "1.3.2",
      "resolved": "https://registry.npmjs.org/jspdf-yworks/-/jspdf-yworks-1.3.2.tgz",
      "integrity": "sha512-qJQnu9VZF7jIQo6x9RC002s88DIRkcm98Az171nVGw4tkmEtGHzXnBZ4QNbdSvhqdUBxbjOsWNBQf6R9nKgGvA==",
      "requires": {
        "adler32cs": "github:chick307/adler32cs.js#7fd00ffa24bf173a1eeb987ce7a21ae214eff658",
        "cf-blob.js": "0.0.1",
        "filesaver.js": "github:andyinabox/FileSaver.js#973b433b8fbaee9a11d53b9ae423b046742cfe32"
      }
    },
    "midi": {
      "version": "git+https://github.com/paulrosen/MIDI.js.git#e593ffef81a0350f99448e3ab8111957145ff6b2",
      "from": "git+https://github.com/paulrosen/MIDI.js.git#abcjs"
    },
    "startaudiocontext": {
      "version": "1.2.1",
      "resolved": "https://registry.npmjs.org/startaudiocontext/-/startaudiocontext-1.2.1.tgz",
      "integrity": "sha1-RtLKtUYseRGArMciPju7wycshZU="
    },
    "svg2pdf.js": {
      "version": "1.2.1",
      "resolved": "https://registry.npmjs.org/svg2pdf.js/-/svg2pdf.js-1.2.1.tgz",
      "integrity": "sha512-4kaCzHKqtS+7oBoDpEsr7kTuAuuFQLSQR5gqrRRh+UPtD9DPIViv6AcLADz/mOp2O+zSSH70rzKvZThkBTOobw==",
      "requires": {
        "jspdf-yworks": "^1.3.2"
      }
    },
    "tone": {
      "version": "0.12.80",
      "resolved": "http://registry.npmjs.org/tone/-/tone-0.12.80.tgz",
      "integrity": "sha512-xCriTn1may1ZzfYYwxXW8pNj0W1XScc21ZLSd/itoTa3s0vMO1LlN23UYvHwUduL45xuY+Rw/e87LmqP3mW43Q=="
    }
  }
}
